{
  "originHash" : "577f48005bd8ef7d6864f9933d3e24ea969253a39a0a2f4c691a325aceb220c6",
  "pins" : [
    {
      "identity" : "dominantcolors",
      "kind" : "remoteSourceControl",
      "location" : "https://github.com/DenDmitriev/DominantColors.git",
      "state" : {
        "revision" : "a05327d36092c47e9ddc77ce565eb35a5b4a4a6e",
        "version" : "1.2.2"
      }
    },
    {
      "identity" : "sjsassetexportsession",
      "kind" : "remoteSourceControl",
      "location" : "https://github.com/samsonjs/SJSAssetExportSession.git",
      "state" : {
        "revision" : "c77c3cacd7373704dc0e69927ac2aac023904418",
        "version" : "0.4.0"
      }
    },
    {
      "identity" : "swift-log",
      "kind" : "remoteSourceControl",
      "location" : "https://github.com/apple/swift-log.git",
      "state" : {
        "revision" : "ce592ae52f982c847a4efc0dd881cc9eb32d29f2",
        "version" : "1.6.4"
      }
    }
  ],
  "version" : 3
}
